klin lock 1
github/klin-lang/klin_pcf85063 v0.1.0 06d97f966d6c614db0097103ed24b2ad73b518ae sha256:02e3f581c888fcceeed5e008a7e179a00cde6788be70b485e41a5c33882f3192
github/klin-lang/klin_shtc3 v0.1.0 119b8dc314b74f2b7206e15beb4c310723ec2d74 sha256:38e0d267835e3d5281beedef9910e10979285e397ec73431ab8d1129d5a32edb
github/klin-lang/klin_st7305 v0.2.0 34eab515b7022b01e71ef62919246f67741da7f6 sha256:1eb2a4e73e0bea1a3028b4e8e667472a194390fb665493dcbf9cf8bcd29303dc
